
Microsoft Visual Studio Solution File, Format Version 12.00
# Visual Studio Version 16
Project("{8BC9CEB8-8B4A-11D0-8D11-00A0C91BC942}") = "ALL_BUILD", "ALL_BUILD.vcxproj", "{91F64065-C757-383E-835B-23479C6D6018}"
	ProjectSection(ProjectDependencies) = postProject
		{DACCA779-1425-34EB-8E33-4D9B5141A8D9} = {DACCA779-1425-34EB-8E33-4D9B5141A8D9}
		{23F3D4F5-6C3A-3A45-8DC5-F3F92A3BBA94} = {23F3D4F5-6C3A-3A45-8DC5-F3F92A3BBA94}
	EndProjectSection
EndProject
Project("{8BC9CEB8-8B4A-11D0-8D11-00A0C91BC942}") = "ZERO_CHECK", "ZERO_CHECK.vcxproj", "{DACCA779-1425-34EB-8E33-4D9B5141A8D9}"
	ProjectSection(ProjectDependencies) = postProject
	EndProjectSection
EndProject
Project("{8BC9CEB8-8B4A-11D0-8D11-00A0C91BC942}") = "main", "main.vcxproj", "{23F3D4F5-6C3A-3A45-8DC5-F3F92A3BBA94}"
	ProjectSection(ProjectDependencies) = postProject
		{DACCA779-1425-34EB-8E33-4D9B5141A8D9} = {DACCA779-1425-34EB-8E33-4D9B5141A8D9}
	EndProjectSection
EndProject
Global
	GlobalSection(SolutionConfigurationPlatforms) = preSolution
		Debug|x64 = Debug|x64
		Release|x64 = Release|x64
		MinSizeRel|x64 = MinSizeRel|x64
		RelWithDebInfo|x64 = RelWithDebInfo|x64
	EndGlobalSection
	GlobalSection(ProjectConfigurationPlatforms) = postSolution
		{91F64065-C757-383E-835B-23479C6D6018}.Debug|x64.ActiveCfg = Debug|x64
		{91F64065-C757-383E-835B-23479C6D6018}.Release|x64.ActiveCfg = Release|x64
		{91F64065-C757-383E-835B-23479C6D6018}.MinSizeRel|x64.ActiveCfg = MinSizeRel|x64
		{91F64065-C757-383E-835B-23479C6D6018}.RelWithDebInfo|x64.ActiveCfg = RelWithDebInfo|x64
		{DACCA779-1425-34EB-8E33-4D9B5141A8D9}.Debug|x64.ActiveCfg = Debug|x64
		{DACCA779-1425-34EB-8E33-4D9B5141A8D9}.Debug|x64.Build.0 = Debug|x64
		{DACCA779-1425-34EB-8E33-4D9B5141A8D9}.Release|x64.ActiveCfg = Release|x64
		{DACCA779-1425-34EB-8E33-4D9B5141A8D9}.Release|x64.Build.0 = Release|x64
		{DACCA779-1425-34EB-8E33-4D9B5141A8D9}.MinSizeRel|x64.ActiveCfg = MinSizeRel|x64
		{DACCA779-1425-34EB-8E33-4D9B5141A8D9}.MinSizeRel|x64.Build.0 = MinSizeRel|x64
		{DACCA779-1425-34EB-8E33-4D9B5141A8D9}.RelWithDebInfo|x64.ActiveCfg = RelWithDebInfo|x64
		{DACCA779-1425-34EB-8E33-4D9B5141A8D9}.RelWithDebInfo|x64.Build.0 = RelWithDebInfo|x64
		{23F3D4F5-6C3A-3A45-8DC5-F3F92A3BBA94}.Debug|x64.ActiveCfg = Debug|x64
		{23F3D4F5-6C3A-3A45-8DC5-F3F92A3BBA94}.Debug|x64.Build.0 = Debug|x64
		{23F3D4F5-6C3A-3A45-8DC5-F3F92A3BBA94}.Release|x64.ActiveCfg = Release|x64
		{23F3D4F5-6C3A-3A45-8DC5-F3F92A3BBA94}.Release|x64.Build.0 = Release|x64
		{23F3D4F5-6C3A-3A45-8DC5-F3F92A3BBA94}.MinSizeRel|x64.ActiveCfg = MinSizeRel|x64
		{23F3D4F5-6C3A-3A45-8DC5-F3F92A3BBA94}.MinSizeRel|x64.Build.0 = MinSizeRel|x64
		{23F3D4F5-6C3A-3A45-8DC5-F3F92A3BBA94}.RelWithDebInfo|x64.ActiveCfg = RelWithDebInfo|x64
		{23F3D4F5-6C3A-3A45-8DC5-F3F92A3BBA94}.RelWithDebInfo|x64.Build.0 = RelWithDebInfo|x64
	EndGlobalSection
	GlobalSection(ExtensibilityGlobals) = postSolution
		SolutionGuid = {CA10E8A7-86D7-35A9-8C7E-FADE24FDB74F}
	EndGlobalSection
	GlobalSection(ExtensibilityAddIns) = postSolution
	EndGlobalSection
EndGlobal
